
Microsoft Visual Studio Solution File, Format Version 12.00
# Visual Studio Version 17
VisualStudioVersion = 17.7.34031.279
MinimumVisualStudioVersion = 10.0.40219.1
Project("{FAE04EC0-301F-11D3-BF4B-00C04F79EFBC}") = "lista ecercicio c#", "lista ecercicio c#\lista ecercicio c#.csproj", "{25666EEE-4372-49FD-8D25-A1B08A2776EC}"
EndProject
Project("{2150E333-8FDC-42A3-9474-1A3956D46DE8}") = "03", "03", "{C36BFB85-4C41-40DF-9C91-7FCA6C079759}"
EndProject
Project("{2150E333-8FDC-42A3-9474-1A3956D46DE8}") = "04", "04", "{56E1E91E-0A71-466F-B1BB-428CF444D1CD}"
EndProject
Project("{FAE04EC0-301F-11D3-BF4B-00C04F79EFBC}") = "04", "04\04.csproj", "{9C10A7E5-8E15-41D2-BF74-07F632F312FC}"
EndProject
Project("{2150E333-8FDC-42A3-9474-1A3956D46DE8}") = "05", "05", "{21706C2F-2B39-4153-8302-AD85ACECF555}"
EndProject
Project("{FAE04EC0-301F-11D3-BF4B-00C04F79EFBC}") = "05", "05\05.csproj", "{8A4EEBF2-B63A-4D7C-9CE8-5B9455C3EDD5}"
EndProject
Project("{2150E333-8FDC-42A3-9474-1A3956D46DE8}") = "06", "06", "{6920817B-2691-4D8D-9B48-E1C11467F9C8}"
EndProject
Project("{FAE04EC0-301F-11D3-BF4B-00C04F79EFBC}") = "06a", "06a\06a.csproj", "{FF6053D4-B3CF-4D9E-8E0B-5CC1E99FD1B4}"
EndProject
Project("{2150E333-8FDC-42A3-9474-1A3956D46DE8}") = "07", "07", "{BE4CA184-C3F5-4685-B6F6-F203B9626A7F}"
EndProject
Project("{FAE04EC0-301F-11D3-BF4B-00C04F79EFBC}") = "07", "07\07.csproj", "{A24E633D-4157-45C3-B3BC-90E92FEE98C3}"
EndProject
Global
	GlobalSection(SolutionConfigurationPlatforms) = preSolution
		Debug|Any CPU = Debug|Any CPU
		Release|Any CPU = Release|Any CPU
	EndGlobalSection
	GlobalSection(ProjectConfigurationPlatforms) = postSolution
		{25666EEE-4372-49FD-8D25-A1B08A2776EC}.Debug|Any CPU.ActiveCfg = Debug|Any CPU
		{25666EEE-4372-49FD-8D25-A1B08A2776EC}.Debug|Any CPU.Build.0 = Debug|Any CPU
		{25666EEE-4372-49FD-8D25-A1B08A2776EC}.Release|Any CPU.ActiveCfg = Release|Any CPU
		{25666EEE-4372-49FD-8D25-A1B08A2776EC}.Release|Any CPU.Build.0 = Release|Any CPU
		{9C10A7E5-8E15-41D2-BF74-07F632F312FC}.Debug|Any CPU.ActiveCfg = Debug|Any CPU
		{9C10A7E5-8E15-41D2-BF74-07F632F312FC}.Debug|Any CPU.Build.0 = Debug|Any CPU
		{9C10A7E5-8E15-41D2-BF74-07F632F312FC}.Release|Any CPU.ActiveCfg = Release|Any CPU
		{9C10A7E5-8E15-41D2-BF74-07F632F312FC}.Release|Any CPU.Build.0 = Release|Any CPU
		{8A4EEBF2-B63A-4D7C-9CE8-5B9455C3EDD5}.Debug|Any CPU.ActiveCfg = Debug|Any CPU
		{8A4EEBF2-B63A-4D7C-9CE8-5B9455C3EDD5}.Debug|Any CPU.Build.0 = Debug|Any CPU
		{8A4EEBF2-B63A-4D7C-9CE8-5B9455C3EDD5}.Release|Any CPU.ActiveCfg = Release|Any CPU
		{8A4EEBF2-B63A-4D7C-9CE8-5B9455C3EDD5}.Release|Any CPU.Build.0 = Release|Any CPU
		{FF6053D4-B3CF-4D9E-8E0B-5CC1E99FD1B4}.Debug|Any CPU.ActiveCfg = Debug|Any CPU
		{FF6053D4-B3CF-4D9E-8E0B-5CC1E99FD1B4}.Debug|Any CPU.Build.0 = Debug|Any CPU
		{FF6053D4-B3CF-4D9E-8E0B-5CC1E99FD1B4}.Release|Any CPU.ActiveCfg = Release|Any CPU
		{FF6053D4-B3CF-4D9E-8E0B-5CC1E99FD1B4}.Release|Any CPU.Build.0 = Release|Any CPU
		{A24E633D-4157-45C3-B3BC-90E92FEE98C3}.Debug|Any CPU.ActiveCfg = Debug|Any CPU
		{A24E633D-4157-45C3-B3BC-90E92FEE98C3}.Debug|Any CPU.Build.0 = Debug|Any CPU
		{A24E633D-4157-45C3-B3BC-90E92FEE98C3}.Release|Any CPU.ActiveCfg = Release|Any CPU
		{A24E633D-4157-45C3-B3BC-90E92FEE98C3}.Release|Any CPU.Build.0 = Release|Any CPU
	EndGlobalSection
	GlobalSection(SolutionProperties) = preSolution
		HideSolutionNode = FALSE
	EndGlobalSection
	GlobalSection(NestedProjects) = preSolution
		{25666EEE-4372-49FD-8D25-A1B08A2776EC} = {C36BFB85-4C41-40DF-9C91-7FCA6C079759}
		{9C10A7E5-8E15-41D2-BF74-07F632F312FC} = {56E1E91E-0A71-466F-B1BB-428CF444D1CD}
		{8A4EEBF2-B63A-4D7C-9CE8-5B9455C3EDD5} = {21706C2F-2B39-4153-8302-AD85ACECF555}
		{FF6053D4-B3CF-4D9E-8E0B-5CC1E99FD1B4} = {6920817B-2691-4D8D-9B48-E1C11467F9C8}
		{A24E633D-4157-45C3-B3BC-90E92FEE98C3} = {BE4CA184-C3F5-4685-B6F6-F203B9626A7F}
	EndGlobalSection
	GlobalSection(ExtensibilityGlobals) = postSolution
		SolutionGuid = {03E1C97D-CE1F-4AFB-8D56-542FFFE926EB}
	EndGlobalSection
EndGlobal
